<Solution>
  <Folder Name="/common/">
    <File Path="README.md" />
  </Folder>
  <Folder Name="/src/">
    <Project Path="src/Scanner.DataBase/Scanner.DataBase.csproj" />
    <Project Path="src/Scanner.Models/Scanner.Abstractions.csproj" />
    <Project Path="src/Scanner.Services/Scanner.Services.csproj" />
    <Project Path="src/Scanner.WPF/Scanner.WPF.csproj" />
  </Folder>
  <Folder Name="/tests/" />
</Solution>
